services:
    akeneo.enrichment.lock.store:
        class: Symfony\Component\Lock\Store\DoctrineDbalStore
        arguments:
            - '@database_connection'

    akeneo.enrichment.lock.factory:
        class: Symfony\Component\Lock\LockFactory
        arguments:
            - '@akeneo.enrichment.lock.store'
